
Microsoft Visual Studio Solution File, Format Version 12.00
# Visual Studio 15
VisualStudioVersion = 15.0.26124.0
MinimumVisualStudioVersion = 15.0.26124.0
Project("{FAE04EC0-301F-11D3-BF4B-00C04F79EFBC}") = "CTS_BL", "CTS_BL\CTS_BL.csproj", "{32B96812-19DE-4345-B89D-6878F2C4B1FB}"
EndProject
Project("{FAE04EC0-301F-11D3-BF4B-00C04F79EFBC}") = "CTS_Console", "CTS_Console\CTS_Console.csproj", "{105011AD-B56E-4189-9584-F5F628F82E3D}"
EndProject
Project("{FAE04EC0-301F-11D3-BF4B-00C04F79EFBC}") = "CTS_DAL", "CTS_DAL\CTS_DAL.csproj", "{0AB60236-4C79-4ED1-A9D8-B2FD7E7C8B40}"
EndProject
Project("{FAE04EC0-301F-11D3-BF4B-00C04F79EFBC}") = "CTS_Persistence", "CTS_Persistence\CTS_Persistence.csproj", "{1D8E17F3-A8A8-4D6B-9932-F8C6AF0F0BCF}"
EndProject
Project("{FAE04EC0-301F-11D3-BF4B-00C04F79EFBC}") = "CTS_DAL_XUnit", "CTS_DAL_XUnit\CTS_DAL_XUnit.csproj", "{6758AE5B-44A7-4D5E-9B9E-4D348E60D48F}"
EndProject
Project("{FAE04EC0-301F-11D3-BF4B-00C04F79EFBC}") = "CTS_BL_XUnit", "CTS_BL_XUnit\CTS_BL_XUnit.csproj", "{498AFFCE-CEE1-47B7-969F-B5BA503A8CC7}"
EndProject
Global
	GlobalSection(SolutionConfigurationPlatforms) = preSolution
		Debug|Any CPU = Debug|Any CPU
		Debug|x64 = Debug|x64
		Debug|x86 = Debug|x86
		Release|Any CPU = Release|Any CPU
		Release|x64 = Release|x64
		Release|x86 = Release|x86
	EndGlobalSection
	GlobalSection(SolutionProperties) = preSolution
		HideSolutionNode = FALSE
	EndGlobalSection
	GlobalSection(ProjectConfigurationPlatforms) = postSolution
		{32B96812-19DE-4345-B89D-6878F2C4B1FB}.Debug|Any CPU.ActiveCfg = Debug|Any CPU
		{32B96812-19DE-4345-B89D-6878F2C4B1FB}.Debug|Any CPU.Build.0 = Debug|Any CPU
		{32B96812-19DE-4345-B89D-6878F2C4B1FB}.Debug|x64.ActiveCfg = Debug|x64
		{32B96812-19DE-4345-B89D-6878F2C4B1FB}.Debug|x64.Build.0 = Debug|x64
		{32B96812-19DE-4345-B89D-6878F2C4B1FB}.Debug|x86.ActiveCfg = Debug|x86
		{32B96812-19DE-4345-B89D-6878F2C4B1FB}.Debug|x86.Build.0 = Debug|x86
		{32B96812-19DE-4345-B89D-6878F2C4B1FB}.Release|Any CPU.ActiveCfg = Release|Any CPU
		{32B96812-19DE-4345-B89D-6878F2C4B1FB}.Release|Any CPU.Build.0 = Release|Any CPU
		{32B96812-19DE-4345-B89D-6878F2C4B1FB}.Release|x64.ActiveCfg = Release|x64
		{32B96812-19DE-4345-B89D-6878F2C4B1FB}.Release|x64.Build.0 = Release|x64
		{32B96812-19DE-4345-B89D-6878F2C4B1FB}.Release|x86.ActiveCfg = Release|x86
		{32B96812-19DE-4345-B89D-6878F2C4B1FB}.Release|x86.Build.0 = Release|x86
		{105011AD-B56E-4189-9584-F5F628F82E3D}.Debug|Any CPU.ActiveCfg = Debug|Any CPU
		{105011AD-B56E-4189-9584-F5F628F82E3D}.Debug|Any CPU.Build.0 = Debug|Any CPU
		{105011AD-B56E-4189-9584-F5F628F82E3D}.Debug|x64.ActiveCfg = Debug|x64
		{105011AD-B56E-4189-9584-F5F628F82E3D}.Debug|x64.Build.0 = Debug|x64
		{105011AD-B56E-4189-9584-F5F628F82E3D}.Debug|x86.ActiveCfg = Debug|x86
		{105011AD-B56E-4189-9584-F5F628F82E3D}.Debug|x86.Build.0 = Debug|x86
		{105011AD-B56E-4189-9584-F5F628F82E3D}.Release|Any CPU.ActiveCfg = Release|Any CPU
		{105011AD-B56E-4189-9584-F5F628F82E3D}.Release|Any CPU.Build.0 = Release|Any CPU
		{105011AD-B56E-4189-9584-F5F628F82E3D}.Release|x64.ActiveCfg = Release|x64
		{105011AD-B56E-4189-9584-F5F628F82E3D}.Release|x64.Build.0 = Release|x64
		{105011AD-B56E-4189-9584-F5F628F82E3D}.Release|x86.ActiveCfg = Release|x86
		{105011AD-B56E-4189-9584-F5F628F82E3D}.Release|x86.Build.0 = Release|x86
		{0AB60236-4C79-4ED1-A9D8-B2FD7E7C8B40}.Debug|Any CPU.ActiveCfg = Debug|Any CPU
		{0AB60236-4C79-4ED1-A9D8-B2FD7E7C8B40}.Debug|Any CPU.Build.0 = Debug|Any CPU
		{0AB60236-4C79-4ED1-A9D8-B2FD7E7C8B40}.Debug|x64.ActiveCfg = Debug|x64
		{0AB60236-4C79-4ED1-A9D8-B2FD7E7C8B40}.Debug|x64.Build.0 = Debug|x64
		{0AB60236-4C79-4ED1-A9D8-B2FD7E7C8B40}.Debug|x86.ActiveCfg = Debug|x86
		{0AB60236-4C79-4ED1-A9D8-B2FD7E7C8B40}.Debug|x86.Build.0 = Debug|x86
		{0AB60236-4C79-4ED1-A9D8-B2FD7E7C8B40}.Release|Any CPU.ActiveCfg = Release|Any CPU
		{0AB60236-4C79-4ED1-A9D8-B2FD7E7C8B40}.Release|Any CPU.Build.0 = Release|Any CPU
		{0AB60236-4C79-4ED1-A9D8-B2FD7E7C8B40}.Release|x64.ActiveCfg = Release|x64
		{0AB60236-4C79-4ED1-A9D8-B2FD7E7C8B40}.Release|x64.Build.0 = Release|x64
		{0AB60236-4C79-4ED1-A9D8-B2FD7E7C8B40}.Release|x86.ActiveCfg = Release|x86
		{0AB60236-4C79-4ED1-A9D8-B2FD7E7C8B40}.Release|x86.Build.0 = Release|x86
		{1D8E17F3-A8A8-4D6B-9932-F8C6AF0F0BCF}.Debug|Any CPU.ActiveCfg = Debug|Any CPU
		{1D8E17F3-A8A8-4D6B-9932-F8C6AF0F0BCF}.Debug|Any CPU.Build.0 = Debug|Any CPU
		{1D8E17F3-A8A8-4D6B-9932-F8C6AF0F0BCF}.Debug|x64.ActiveCfg = Debug|x64
		{1D8E17F3-A8A8-4D6B-9932-F8C6AF0F0BCF}.Debug|x64.Build.0 = Debug|x64
		{1D8E17F3-A8A8-4D6B-9932-F8C6AF0F0BCF}.Debug|x86.ActiveCfg = Debug|x86
		{1D8E17F3-A8A8-4D6B-9932-F8C6AF0F0BCF}.Debug|x86.Build.0 = Debug|x86
		{1D8E17F3-A8A8-4D6B-9932-F8C6AF0F0BCF}.Release|Any CPU.ActiveCfg = Release|Any CPU
		{1D8E17F3-A8A8-4D6B-9932-F8C6AF0F0BCF}.Release|Any CPU.Build.0 = Release|Any CPU
		{1D8E17F3-A8A8-4D6B-9932-F8C6AF0F0BCF}.Release|x64.ActiveCfg = Release|x64
		{1D8E17F3-A8A8-4D6B-9932-F8C6AF0F0BCF}.Release|x64.Build.0 = Release|x64
		{1D8E17F3-A8A8-4D6B-9932-F8C6AF0F0BCF}.Release|x86.ActiveCfg = Release|x86
		{1D8E17F3-A8A8-4D6B-9932-F8C6AF0F0BCF}.Release|x86.Build.0 = Release|x86
		{4AF880FB-A4D9-46BF-9365-DF0ED36C3D55}.Debug|Any CPU.ActiveCfg = Debug|Any CPU
		{4AF880FB-A4D9-46BF-9365-DF0ED36C3D55}.Debug|Any CPU.Build.0 = Debug|Any CPU
		{4AF880FB-A4D9-46BF-9365-DF0ED36C3D55}.Debug|x64.ActiveCfg = Debug|x64
		{4AF880FB-A4D9-46BF-9365-DF0ED36C3D55}.Debug|x64.Build.0 = Debug|x64
		{4AF880FB-A4D9-46BF-9365-DF0ED36C3D55}.Debug|x86.ActiveCfg = Debug|x86
		{4AF880FB-A4D9-46BF-9365-DF0ED36C3D55}.Debug|x86.Build.0 = Debug|x86
		{4AF880FB-A4D9-46BF-9365-DF0ED36C3D55}.Release|Any CPU.ActiveCfg = Release|Any CPU
		{4AF880FB-A4D9-46BF-9365-DF0ED36C3D55}.Release|Any CPU.Build.0 = Release|Any CPU
		{4AF880FB-A4D9-46BF-9365-DF0ED36C3D55}.Release|x64.ActiveCfg = Release|x64
		{4AF880FB-A4D9-46BF-9365-DF0ED36C3D55}.Release|x64.Build.0 = Release|x64
		{4AF880FB-A4D9-46BF-9365-DF0ED36C3D55}.Release|x86.ActiveCfg = Release|x86
		{4AF880FB-A4D9-46BF-9365-DF0ED36C3D55}.Release|x86.Build.0 = Release|x86
		{68269439-970A-4B17-96EA-59CC1E59A883}.Debug|Any CPU.ActiveCfg = Debug|Any CPU
		{68269439-970A-4B17-96EA-59CC1E59A883}.Debug|Any CPU.Build.0 = Debug|Any CPU
		{68269439-970A-4B17-96EA-59CC1E59A883}.Debug|x64.ActiveCfg = Debug|x64
		{68269439-970A-4B17-96EA-59CC1E59A883}.Debug|x64.Build.0 = Debug|x64
		{68269439-970A-4B17-96EA-59CC1E59A883}.Debug|x86.ActiveCfg = Debug|x86
		{68269439-970A-4B17-96EA-59CC1E59A883}.Debug|x86.Build.0 = Debug|x86
		{68269439-970A-4B17-96EA-59CC1E59A883}.Release|Any CPU.ActiveCfg = Release|Any CPU
		{68269439-970A-4B17-96EA-59CC1E59A883}.Release|Any CPU.Build.0 = Release|Any CPU
		{68269439-970A-4B17-96EA-59CC1E59A883}.Release|x64.ActiveCfg = Release|x64
		{68269439-970A-4B17-96EA-59CC1E59A883}.Release|x64.Build.0 = Release|x64
		{68269439-970A-4B17-96EA-59CC1E59A883}.Release|x86.ActiveCfg = Release|x86
		{68269439-970A-4B17-96EA-59CC1E59A883}.Release|x86.Build.0 = Release|x86
		{6758AE5B-44A7-4D5E-9B9E-4D348E60D48F}.Debug|Any CPU.ActiveCfg = Debug|Any CPU
		{6758AE5B-44A7-4D5E-9B9E-4D348E60D48F}.Debug|Any CPU.Build.0 = Debug|Any CPU
		{6758AE5B-44A7-4D5E-9B9E-4D348E60D48F}.Debug|x64.ActiveCfg = Debug|x64
		{6758AE5B-44A7-4D5E-9B9E-4D348E60D48F}.Debug|x64.Build.0 = Debug|x64
		{6758AE5B-44A7-4D5E-9B9E-4D348E60D48F}.Debug|x86.ActiveCfg = Debug|x86
		{6758AE5B-44A7-4D5E-9B9E-4D348E60D48F}.Debug|x86.Build.0 = Debug|x86
		{6758AE5B-44A7-4D5E-9B9E-4D348E60D48F}.Release|Any CPU.ActiveCfg = Release|Any CPU
		{6758AE5B-44A7-4D5E-9B9E-4D348E60D48F}.Release|Any CPU.Build.0 = Release|Any CPU
		{6758AE5B-44A7-4D5E-9B9E-4D348E60D48F}.Release|x64.ActiveCfg = Release|x64
		{6758AE5B-44A7-4D5E-9B9E-4D348E60D48F}.Release|x64.Build.0 = Release|x64
		{6758AE5B-44A7-4D5E-9B9E-4D348E60D48F}.Release|x86.ActiveCfg = Release|x86
		{6758AE5B-44A7-4D5E-9B9E-4D348E60D48F}.Release|x86.Build.0 = Release|x86
		{498AFFCE-CEE1-47B7-969F-B5BA503A8CC7}.Debug|Any CPU.ActiveCfg = Debug|Any CPU
		{498AFFCE-CEE1-47B7-969F-B5BA503A8CC7}.Debug|Any CPU.Build.0 = Debug|Any CPU
		{498AFFCE-CEE1-47B7-969F-B5BA503A8CC7}.Debug|x64.ActiveCfg = Debug|x64
		{498AFFCE-CEE1-47B7-969F-B5BA503A8CC7}.Debug|x64.Build.0 = Debug|x64
		{498AFFCE-CEE1-47B7-969F-B5BA503A8CC7}.Debug|x86.ActiveCfg = Debug|x86
		{498AFFCE-CEE1-47B7-969F-B5BA503A8CC7}.Debug|x86.Build.0 = Debug|x86
		{498AFFCE-CEE1-47B7-969F-B5BA503A8CC7}.Release|Any CPU.ActiveCfg = Release|Any CPU
		{498AFFCE-CEE1-47B7-969F-B5BA503A8CC7}.Release|Any CPU.Build.0 = Release|Any CPU
		{498AFFCE-CEE1-47B7-969F-B5BA503A8CC7}.Release|x64.ActiveCfg = Release|x64
		{498AFFCE-CEE1-47B7-969F-B5BA503A8CC7}.Release|x64.Build.0 = Release|x64
		{498AFFCE-CEE1-47B7-969F-B5BA503A8CC7}.Release|x86.ActiveCfg = Release|x86
		{498AFFCE-CEE1-47B7-969F-B5BA503A8CC7}.Release|x86.Build.0 = Release|x86
	EndGlobalSection
EndGlobal
